
Microsoft Visual Studio Solution File, Format Version 12.00
# Visual Studio Version 17
VisualStudioVersion = 17.5.33502.453
MinimumVisualStudioVersion = 10.0.40219.1
Project("{9092AA53-FB77-4645-B42D-1CCCA6BD08BD}") = "test", "test.njsproj", "{44B3D42A-E908-48B3-B69D-6F6D879FAEA4}"
EndProject
Global
	GlobalSection(SolutionConfigurationPlatforms) = preSolution
		Debug|Any CPU = Debug|Any CPU
		Release|Any CPU = Release|Any CPU
	EndGlobalSection
	GlobalSection(ProjectConfigurationPlatforms) = postSolution
		{44B3D42A-E908-48B3-B69D-6F6D879FAEA4}.Debug|Any CPU.ActiveCfg = Debug|Any CPU
		{44B3D42A-E908-48B3-B69D-6F6D879FAEA4}.Debug|Any CPU.Build.0 = Debug|Any CPU
		{44B3D42A-E908-48B3-B69D-6F6D879FAEA4}.Release|Any CPU.ActiveCfg = Release|Any CPU
		{44B3D42A-E908-48B3-B69D-6F6D879FAEA4}.Release|Any CPU.Build.0 = Release|Any CPU
	EndGlobalSection
	GlobalSection(SolutionProperties) = preSolution
		HideSolutionNode = FALSE
	EndGlobalSection
	GlobalSection(ExtensibilityGlobals) = postSolution
		SolutionGuid = {BE902C1D-1748-457C-9131-D2571646DCC9}
	EndGlobalSection
EndGlobal
